
Microsoft Visual Studio Solution File, Format Version 12.00
# Visual Studio Version 16
VisualStudioVersion = 16.0.31410.357
MinimumVisualStudioVersion = 10.0.40219.1
Project("{FAE04EC0-301F-11D3-BF4B-00C04F79EFBC}") = "Catalog", "Catalog\Catalog.csproj", "{96BEF0B9-735A-4186-9FFD-EC4C363D03BE}"
EndProject
Global
	GlobalSection(SolutionConfigurationPlatforms) = preSolution
		Debug|Any CPU = Debug|Any CPU
		Release|Any CPU = Release|Any CPU
	EndGlobalSection
	GlobalSection(ProjectConfigurationPlatforms) = postSolution
		{96BEF0B9-735A-4186-9FFD-EC4C363D03BE}.Debug|Any CPU.ActiveCfg = Debug|Any CPU
		{96BEF0B9-735A-4186-9FFD-EC4C363D03BE}.Debug|Any CPU.Build.0 = Debug|Any CPU
		{96BEF0B9-735A-4186-9FFD-EC4C363D03BE}.Release|Any CPU.ActiveCfg = Release|Any CPU
		{96BEF0B9-735A-4186-9FFD-EC4C363D03BE}.Release|Any CPU.Build.0 = Release|Any CPU
	EndGlobalSection
	GlobalSection(SolutionProperties) = preSolution
		HideSolutionNode = FALSE
	EndGlobalSection
	GlobalSection(ExtensibilityGlobals) = postSolution
		SolutionGuid = {96FB6889-EB8D-4FD5-8C27-69A1F08B2A54}
	EndGlobalSection
EndGlobal
